
Microsoft Visual Studio Solution File, Format Version 12.00
# Visual Studio Version 16
VisualStudioVersion = 16.0.29403.142
MinimumVisualStudioVersion = 10.0.40219.1
Project("{9A19103F-16F7-4668-BE54-9A1E7A4F7556}") = "Mavim.Libraries.ExceptionHandlerMiddleware", "Mavim.Libraries.ExceptionHandlerMiddleware.csproj", "{FFB58687-05B0-4439-BD4F-14A45CC0F61D}"
EndProject
Global
	GlobalSection(SolutionConfigurationPlatforms) = preSolution
		Debug|Any CPU = Debug|Any CPU
		Release|Any CPU = Release|Any CPU
	EndGlobalSection
	GlobalSection(ProjectConfigurationPlatforms) = postSolution
		{FFB58687-05B0-4439-BD4F-14A45CC0F61D}.Debug|Any CPU.ActiveCfg = Debug|Any CPU
		{FFB58687-05B0-4439-BD4F-14A45CC0F61D}.Debug|Any CPU.Build.0 = Debug|Any CPU
		{FFB58687-05B0-4439-BD4F-14A45CC0F61D}.Release|Any CPU.ActiveCfg = Release|Any CPU
		{FFB58687-05B0-4439-BD4F-14A45CC0F61D}.Release|Any CPU.Build.0 = Release|Any CPU
	EndGlobalSection
	GlobalSection(SolutionProperties) = preSolution
		HideSolutionNode = FALSE
	EndGlobalSection
	GlobalSection(ExtensibilityGlobals) = postSolution
		SolutionGuid = {2432D44C-84B6-49B7-8969-7DF062CD996B}
	EndGlobalSection
EndGlobal
